
Microsoft Visual Studio Solution File, Format Version 12.00
# Visual Studio Version 17
VisualStudioVersion = 17.2.32526.322
MinimumVisualStudioVersion = 10.0.40219.1
Project("{9A19103F-16F7-4668-BE54-9A1E7A4F7556}") = "HtmlRefactoringWindowsApp", "HtmlRefactoringWindowsApp\HtmlRefactoringWindowsApp.csproj", "{0BF762EC-A9A2-4CDA-B692-216D70114E9B}"
EndProject
Project("{9A19103F-16F7-4668-BE54-9A1E7A4F7556}") = "HtmlRefactoringTests", "HtmlRefactoringTests\HtmlRefactoringTests.csproj", "{3660074C-AFAC-41DF-ACF8-ED4474EB05AD}"
EndProject
Global
	GlobalSection(SolutionConfigurationPlatforms) = preSolution
		Debug|Any CPU = Debug|Any CPU
		Release|Any CPU = Release|Any CPU
	EndGlobalSection
	GlobalSection(ProjectConfigurationPlatforms) = postSolution
		{0BF762EC-A9A2-4CDA-B692-216D70114E9B}.Debug|Any CPU.ActiveCfg = Debug|Any CPU
		{0BF762EC-A9A2-4CDA-B692-216D70114E9B}.Debug|Any CPU.Build.0 = Debug|Any CPU
		{0BF762EC-A9A2-4CDA-B692-216D70114E9B}.Release|Any CPU.ActiveCfg = Release|Any CPU
		{0BF762EC-A9A2-4CDA-B692-216D70114E9B}.Release|Any CPU.Build.0 = Release|Any CPU
		{3660074C-AFAC-41DF-ACF8-ED4474EB05AD}.Debug|Any CPU.ActiveCfg = Debug|Any CPU
		{3660074C-AFAC-41DF-ACF8-ED4474EB05AD}.Debug|Any CPU.Build.0 = Debug|Any CPU
		{3660074C-AFAC-41DF-ACF8-ED4474EB05AD}.Release|Any CPU.ActiveCfg = Release|Any CPU
		{3660074C-AFAC-41DF-ACF8-ED4474EB05AD}.Release|Any CPU.Build.0 = Release|Any CPU
	EndGlobalSection
	GlobalSection(SolutionProperties) = preSolution
		HideSolutionNode = FALSE
	EndGlobalSection
	GlobalSection(ExtensibilityGlobals) = postSolution
		SolutionGuid = {307ACB1C-F48E-42C6-B331-C8FCD1E93BA0}
	EndGlobalSection
EndGlobal
